
Microsoft Visual Studio Solution File, Format Version 12.00
# Visual Studio Version 17
VisualStudioVersion = 17.9.34902.65
MinimumVisualStudioVersion = 10.0.40219.1
Project("{9A19103F-16F7-4668-BE54-9A1E7A4F7556}") = "recruitment", "recruitment.csproj", "{D4F2FCC9-483E-414E-83CF-C6CAC9DCF83D}"
EndProject
Global
	GlobalSection(SolutionConfigurationPlatforms) = preSolution
		Debug|Any CPU = Debug|Any CPU
		Release|Any CPU = Release|Any CPU
	EndGlobalSection
	GlobalSection(ProjectConfigurationPlatforms) = postSolution
		{D4F2FCC9-483E-414E-83CF-C6CAC9DCF83D}.Debug|Any CPU.ActiveCfg = Debug|Any CPU
		{D4F2FCC9-483E-414E-83CF-C6CAC9DCF83D}.Debug|Any CPU.Build.0 = Debug|Any CPU
		{D4F2FCC9-483E-414E-83CF-C6CAC9DCF83D}.Release|Any CPU.ActiveCfg = Release|Any CPU
		{D4F2FCC9-483E-414E-83CF-C6CAC9DCF83D}.Release|Any CPU.Build.0 = Release|Any CPU
	EndGlobalSection
	GlobalSection(SolutionProperties) = preSolution
		HideSolutionNode = FALSE
	EndGlobalSection
	GlobalSection(ExtensibilityGlobals) = postSolution
		SolutionGuid = {00DF0C66-BF2D-43A9-8378-EA05C32075CC}
	EndGlobalSection
EndGlobal
